
Microsoft Visual Studio Solution File, Format Version 12.00
# Visual Studio Version 17
VisualStudioVersion = 17.7.34031.279
MinimumVisualStudioVersion = 10.0.40219.1
Project("{FAE04EC0-301F-11D3-BF4B-00C04F79EFBC}") = "GujaratClassified.API", "GujaratClassified.API\GujaratClassified.API.csproj", "{D8A90F90-DB3E-460D-B505-20882540FB17}"
EndProject
Global
	GlobalSection(SolutionConfigurationPlatforms) = preSolution
		Debug|Any CPU = Debug|Any CPU
		Release|Any CPU = Release|Any CPU
	EndGlobalSection
	GlobalSection(ProjectConfigurationPlatforms) = postSolution
		{D8A90F90-DB3E-460D-B505-20882540FB17}.Debug|Any CPU.ActiveCfg = Debug|Any CPU
		{D8A90F90-DB3E-460D-B505-20882540FB17}.Debug|Any CPU.Build.0 = Debug|Any CPU
		{D8A90F90-DB3E-460D-B505-20882540FB17}.Release|Any CPU.ActiveCfg = Release|Any CPU
		{D8A90F90-DB3E-460D-B505-20882540FB17}.Release|Any CPU.Build.0 = Release|Any CPU
	EndGlobalSection
	GlobalSection(SolutionProperties) = preSolution
		HideSolutionNode = FALSE
	EndGlobalSection
	GlobalSection(ExtensibilityGlobals) = postSolution
		SolutionGuid = {C3ED59B7-D77C-4E83-960C-FE84E84DE2B7}
	EndGlobalSection
EndGlobal
